
Microsoft Visual Studio Solution File, Format Version 12.00
# Visual Studio Version 16
VisualStudioVersion = 16.0.29806.167
MinimumVisualStudioVersion = 10.0.40219.1
Project("{9A19103F-16F7-4668-BE54-9A1E7A4F7556}") = "Planner.WPF", "Planner.WPF\Planner.WPF.csproj", "{7B0EB4F9-D942-4ED0-9AC2-1326DEDCD1E1}"
	ProjectSection(ProjectDependencies) = postProject
		{99811B29-5144-4AD3-885B-110EB9773008} = {99811B29-5144-4AD3-885B-110EB9773008}
	EndProjectSection
EndProject
Project("{9A19103F-16F7-4668-BE54-9A1E7A4F7556}") = "Planner.ViewModel", "Planner.ViewModel\Planner.ViewModel.csproj", "{99811B29-5144-4AD3-885B-110EB9773008}"
	ProjectSection(ProjectDependencies) = postProject
		{311A1A57-3A34-4C66-B398-BD120B5C4E31} = {311A1A57-3A34-4C66-B398-BD120B5C4E31}
	EndProjectSection
EndProject
Project("{9A19103F-16F7-4668-BE54-9A1E7A4F7556}") = "Planner.Model", "Planner.Model\Planner.Model.csproj", "{311A1A57-3A34-4C66-B398-BD120B5C4E31}"
EndProject
Global
	GlobalSection(SolutionConfigurationPlatforms) = preSolution
		Debug|Any CPU = Debug|Any CPU
		Release|Any CPU = Release|Any CPU
	EndGlobalSection
	GlobalSection(ProjectConfigurationPlatforms) = postSolution
		{7B0EB4F9-D942-4ED0-9AC2-1326DEDCD1E1}.Debug|Any CPU.ActiveCfg = Debug|Any CPU
		{7B0EB4F9-D942-4ED0-9AC2-1326DEDCD1E1}.Debug|Any CPU.Build.0 = Debug|Any CPU
		{7B0EB4F9-D942-4ED0-9AC2-1326DEDCD1E1}.Release|Any CPU.ActiveCfg = Release|Any CPU
		{7B0EB4F9-D942-4ED0-9AC2-1326DEDCD1E1}.Release|Any CPU.Build.0 = Release|Any CPU
		{99811B29-5144-4AD3-885B-110EB9773008}.Debug|Any CPU.ActiveCfg = Debug|Any CPU
		{99811B29-5144-4AD3-885B-110EB9773008}.Debug|Any CPU.Build.0 = Debug|Any CPU
		{99811B29-5144-4AD3-885B-110EB9773008}.Release|Any CPU.ActiveCfg = Release|Any CPU
		{99811B29-5144-4AD3-885B-110EB9773008}.Release|Any CPU.Build.0 = Release|Any CPU
		{311A1A57-3A34-4C66-B398-BD120B5C4E31}.Debug|Any CPU.ActiveCfg = Debug|Any CPU
		{311A1A57-3A34-4C66-B398-BD120B5C4E31}.Debug|Any CPU.Build.0 = Debug|Any CPU
		{311A1A57-3A34-4C66-B398-BD120B5C4E31}.Release|Any CPU.ActiveCfg = Release|Any CPU
		{311A1A57-3A34-4C66-B398-BD120B5C4E31}.Release|Any CPU.Build.0 = Release|Any CPU
	EndGlobalSection
	GlobalSection(SolutionProperties) = preSolution
		HideSolutionNode = FALSE
	EndGlobalSection
	GlobalSection(ExtensibilityGlobals) = postSolution
		SolutionGuid = {809258BC-1FF3-49C0-969D-DE40CFCDEE4F}
	EndGlobalSection
EndGlobal
